
Microsoft Visual Studio Solution File, Format Version 12.00
# Visual Studio Version 16
VisualStudioVersion = 16.0.29318.209
MinimumVisualStudioVersion = 10.0.40219.1
Project("{FAE04EC0-301F-11D3-BF4B-00C04F79EFBC}") = "Contact_list", "Contact_list\Contact_list.csproj", "{22D8C178-ED62-4064-9BCE-0C59DEB80503}"
EndProject
Global
	GlobalSection(SolutionConfigurationPlatforms) = preSolution
		Debug|Any CPU = Debug|Any CPU
		Release|Any CPU = Release|Any CPU
	EndGlobalSection
	GlobalSection(ProjectConfigurationPlatforms) = postSolution
		{22D8C178-ED62-4064-9BCE-0C59DEB80503}.Debug|Any CPU.ActiveCfg = Debug|Any CPU
		{22D8C178-ED62-4064-9BCE-0C59DEB80503}.Debug|Any CPU.Build.0 = Debug|Any CPU
		{22D8C178-ED62-4064-9BCE-0C59DEB80503}.Release|Any CPU.ActiveCfg = Release|Any CPU
		{22D8C178-ED62-4064-9BCE-0C59DEB80503}.Release|Any CPU.Build.0 = Release|Any CPU
	EndGlobalSection
	GlobalSection(SolutionProperties) = preSolution
		HideSolutionNode = FALSE
	EndGlobalSection
	GlobalSection(ExtensibilityGlobals) = postSolution
		SolutionGuid = {6110BB6F-6D15-47A1-A285-36401C3BB50B}
	EndGlobalSection
EndGlobal
